
Microsoft Visual Studio Solution File, Format Version 12.00
# Visual Studio Version 17
VisualStudioVersion = 17.4.33213.308
MinimumVisualStudioVersion = 10.0.40219.1
Project("{FAE04EC0-301F-11D3-BF4B-00C04F79EFBC}") = "doanw", "doanw.csproj", "{80529E48-4D56-412C-9EB8-08821E554CA1}"
EndProject
Global
	GlobalSection(SolutionConfigurationPlatforms) = preSolution
		Debug|Any CPU = Debug|Any CPU
		Release|Any CPU = Release|Any CPU
	EndGlobalSection
	GlobalSection(ProjectConfigurationPlatforms) = postSolution
		{80529E48-4D56-412C-9EB8-08821E554CA1}.Debug|Any CPU.ActiveCfg = Debug|Any CPU
		{80529E48-4D56-412C-9EB8-08821E554CA1}.Debug|Any CPU.Build.0 = Debug|Any CPU
		{80529E48-4D56-412C-9EB8-08821E554CA1}.Release|Any CPU.ActiveCfg = Release|Any CPU
		{80529E48-4D56-412C-9EB8-08821E554CA1}.Release|Any CPU.Build.0 = Release|Any CPU
	EndGlobalSection
	GlobalSection(SolutionProperties) = preSolution
		HideSolutionNode = FALSE
	EndGlobalSection
	GlobalSection(ExtensibilityGlobals) = postSolution
		SolutionGuid = {33EBCA08-F302-44D2-AF6A-1CE87315C728}
	EndGlobalSection
EndGlobal
